github.com/didip/tollbooth v0.0.0-20170310003522-de229036b78d h1:DQJW2w9bbv9I1NBCTO8PNwc5J8+iJ5w0D0kpKOw5zB4=
github.com/didip/tollbooth v0.0.0-20170310003522-de229036b78d/go.mod h1:A9b0665CE6l1KmzpDws2++elm/CsuWBMa5Jv4WY0PEY=
github.com/streadway/quantile v0.0.0-20150917103942-b0c588724d25 h1:7z3LSn867ex6VSaahyKadf4WtSsJIgne6A1WLOAGM8A=
github.com/streadway/quantile v0.0.0-20150917103942-b0c588724d25/go.mod h1:lbP8tGiBjZ5YWIc2fzuRpTaz0b/53vT6PEs3QuAWzuU=
github.com/tsenart/vegeta v6.1.1+incompatible h1:WeTYgZ+PQkQL9XIcHMa1+YaWFpMqDGLIHkadfGUcDvM=
github.com/tsenart/vegeta v6.1.1+incompatible/go.mod h1:Smz/ZWfhKRcyDDChZkG3CyTHdj87lHzio/HOCkbndXM=
golang.org/x/net v0.0.0-20170227165131-bb807669a61a h1:G31wS/hIO1l07QXlyayNQ+q++BA4fnCKeaUHBWi0fHg=
golang.org/x/net v0.0.0-20170227165131-bb807669a61a/go.mod h1:mL1N/T3taQHkDXs73rZJwtUhF3w3ftmwwsq0BUmARs4=
golang.org/x/time v0.0.0-20170424234030-8be79e1e0910 h1:bCMaBn7ph495H+x72gEvgcv+mDRd9dElbzo/mVCMxX4=
golang.org/x/time v0.0.0-20170424234030-8be79e1e0910/go.mod h1:tRJNPiyCQ0inRvYxbN9jk5I+vvW/OXSQhTDSoE431IQ=
